// !$*UTF8*$!
{
	archiveVersion = 1;
	classes = {
	};
	objectVersion = 55;
	objects = {

/* Begin PBXBuildFile section */
		A1EFFE2328CE5CC8009DE35E /* NotesApp WatchKit App.app in Embed Watch Content */ = {isa = PBXBuildFile; fileRef = A1EFFE2228CE5CC8009DE35E /* NotesApp WatchKit App.app */; settings = {ATTRIBUTES = (RemoveHeadersOnCopy, ); }; };
		A1EFFE2828CE5CD2009DE35E /* Assets.xcassets in Resources */ = {isa = PBXBuildFile; fileRef = A1EFFE2728CE5CD2009DE35E /* Assets.xcassets */; };
		A1EFFE2E28CE5CD2009DE35E /* NotesApp WatchKit Extension.appex in Embed App Extensions */ = {isa = PBXBuildFile; fileRef = A1EFFE2D28CE5CD2009DE35E /* NotesApp WatchKit Extension.appex */; settings = {ATTRIBUTES = (RemoveHeadersOnCopy, ); }; };
		A1EFFE3328CE5CD2009DE35E /* NotesAppApp.swift in Sources */ = {isa = PBXBuildFile; fileRef = A1EFFE3228CE5CD2009DE35E /* NotesAppApp.swift */; };
		A1EFFE3528CE5CD2009DE35E /* ContentView.swift in Sources */ = {isa = PBXBuildFile; fileRef = A1EFFE3428CE5CD2009DE35E /* ContentView.swift */; };
		A1EFFE3728CE5CD2009DE35E /* NotificationController.swift in Sources */ = {isa = PBXBuildFile; fileRef = A1EFFE3628CE5CD2009DE35E /* NotificationController.swift */; };
		A1EFFE3928CE5CD2009DE35E /* NotificationView.swift in Sources */ = {isa = PBXBuildFile; fileRef = A1EFFE3828CE5CD2009DE35E /* NotificationView.swift */; };
		A1EFFE3B28CE5CD2009DE35E /* ComplicationController.swift in Sources */ = {isa = PBXBuildFile; fileRef = A1EFFE3A28CE5CD2009DE35E /* ComplicationController.swift */; };
		A1EFFE3D28CE5CD6009DE35E /* Assets.xcassets in Resources */ = {isa = PBXBuildFile; fileRef = A1EFFE3C28CE5CD6009DE35E /* Assets.xcassets */; };
		A1EFFE4028CE5CD6009DE35E /* Preview Assets.xcassets in Resources */ = {isa = PBXBuildFile; fileRef = A1EFFE3F28CE5CD6009DE35E /* Preview Assets.xcassets */; };
/* End PBXBuildFile section */

/* Begin PBXContainerItemProxy section */
		A1EFFE2428CE5CC8009DE35E /* PBXContainerItemProxy */ = {
			isa = PBXContainerItemProxy;
			containerPortal = A1EFFE1828CE5CC7009DE35E /* Project object */;
			proxyType = 1;
			remoteGlobalIDString = A1EFFE2128CE5CC8009DE35E;
			remoteInfo = "NotesApp WatchKit App";
		};
		A1EFFE2F28CE5CD2009DE35E /* PBXContainerItemProxy */ = {
			isa = PBXContainerItemProxy;
			containerPortal = A1EFFE1828CE5CC7009DE35E /* Project object */;
			proxyType = 1;
			remoteGlobalIDString = A1EFFE2C28CE5CD2009DE35E;
			remoteInfo = "NotesApp WatchKit Extension";
		};
/* End PBXContainerItemProxy section */

/* Begin PBXCopyFilesBuildPhase section */
		A1EFFE4828CE5CD6009DE35E /* Embed App Extensions */ = {
			isa = PBXCopyFilesBuildPhase;
			buildActionMask = 2147483647;
			dstPath = "";
			dstSubfolderSpec = 13;
			files = (
				A1EFFE2E28CE5CD2009DE35E /* NotesApp WatchKit Extension.appex in Embed App Extensions */,
			);
			name = "Embed App Extensions";
			runOnlyForDeploymentPostprocessing = 0;
		};
		A1EFFE4C28CE5CD6009DE35E /* Embed Watch Content */ = {
			isa = PBXCopyFilesBuildPhase;
			buildActionMask = 2147483647;
			dstPath = "$(CONTENTS_FOLDER_PATH)/Watch";
			dstSubfolderSpec = 16;
			files = (
				A1EFFE2328CE5CC8009DE35E /* NotesApp WatchKit App.app in Embed Watch Content */,
			);
			name = "Embed Watch Content";
			runOnlyForDeploymentPostprocessing = 0;
		};
/* End PBXCopyFilesBuildPhase section */

/* Begin PBXFileReference section */
		A1EFFE1E28CE5CC7009DE35E /* NotesApp.app */ = {isa = PBXFileReference; explicitFileType = wrapper.application; includeInIndex = 0; path = NotesApp.app; sourceTree = BUILT_PRODUCTS_DIR; };
		A1EFFE2228CE5CC8009DE35E /* NotesApp WatchKit App.app */ = {isa = PBXFileReference; explicitFileType = wrapper.application; includeInIndex = 0; path = "NotesApp WatchKit App.app"; sourceTree = BUILT_PRODUCTS_DIR; };
		A1EFFE2728CE5CD2009DE35E /* Assets.xcassets */ = {isa = PBXFileReference; lastKnownFileType = folder.assetcatalog; path = Assets.xcassets; sourceTree = "<group>"; };
		A1EFFE2D28CE5CD2009DE35E /* NotesApp WatchKit Extension.appex */ = {isa = PBXFileReference; explicitFileType = "wrapper.app-extension"; includeInIndex = 0; path = "NotesApp WatchKit Extension.appex"; sourceTree = BUILT_PRODUCTS_DIR; };
		A1EFFE3228CE5CD2009DE35E /* NotesAppApp.swift */ = {isa = PBXFileReference; lastKnownFileType = sourcecode.swift; path = NotesAppApp.swift; sourceTree = "<group>"; };
		A1EFFE3428CE5CD2009DE35E /* ContentView.swift */ = {isa = PBXFileReference; lastKnownFileType = sourcecode.swift; path = ContentView.swift; sourceTree = "<group>"; };
		A1EFFE3628CE5CD2009DE35E /* NotificationController.swift */ = {isa = PBXFileReference; lastKnownFileType = sourcecode.swift; path = NotificationController.swift; sourceTree = "<group>"; };
		A1EFFE3828CE5CD2009DE35E /* NotificationView.swift */ = {isa = PBXFileReference; lastKnownFileType = sourcecode.swift; path = NotificationView.swift; sourceTree = "<group>"; };
		A1EFFE3A28CE5CD2009DE35E /* ComplicationController.swift */ = {isa = PBXFileReference; lastKnownFileType = sourcecode.swift; path = ComplicationController.swift; sourceTree = "<group>"; };
		A1EFFE3C28CE5CD6009DE35E /* Assets.xcassets */ = {isa = PBXFileReference; lastKnownFileType = folder.assetcatalog; path = Assets.xcassets; sourceTree = "<group>"; };
		A1EFFE3F28CE5CD6009DE35E /* Preview Assets.xcassets */ = {isa = PBXFileReference; lastKnownFileType = folder.assetcatalog; path = "Preview Assets.xcassets"; sourceTree = "<group>"; };
		A1EFFE4128CE5CD6009DE35E /* Info.plist */ = {isa = PBXFileReference; lastKnownFileType = text.plist.xml; path = Info.plist; sourceTree = "<group>"; };
		A1EFFE4228CE5CD6009DE35E /* PushNotificationPayload.apns */ = {isa = PBXFileReference; lastKnownFileType = text; path = PushNotificationPayload.apns; sourceTree = "<group>"; };
/* End PBXFileReference section */

/* Begin PBXFrameworksBuildPhase section */
		A1EFFE2A28CE5CD2009DE35E /* Frameworks */ = {
			isa = PBXFrameworksBuildPhase;
			buildActionMask = 2147483647;
			files = (
			);
			runOnlyForDeploymentPostprocessing = 0;
		};
/* End PBXFrameworksBuildPhase section */

/* Begin PBXGroup section */
		A1EFFE1728CE5CC7009DE35E = {
			isa = PBXGroup;
			children = (
				A1EFFE2628CE5CC8009DE35E /* NotesApp WatchKit App */,
				A1EFFE3128CE5CD2009DE35E /* NotesApp WatchKit Extension */,
				A1EFFE1F28CE5CC7009DE35E /* Products */,
			);
			sourceTree = "<group>";
		};
		A1EFFE1F28CE5CC7009DE35E /* Products */ = {
			isa = PBXGroup;
			children = (
				A1EFFE1E28CE5CC7009DE35E /* NotesApp.app */,
				A1EFFE2228CE5CC8009DE35E /* NotesApp WatchKit App.app */,
				A1EFFE2D28CE5CD2009DE35E /* NotesApp WatchKit Extension.appex */,
			);
			name = Products;
			sourceTree = "<group>";
		};
		A1EFFE2628CE5CC8009DE35E /* NotesApp WatchKit App */ = {
			isa = PBXGroup;
			children = (
				A1EFFE2728CE5CD2009DE35E /* Assets.xcassets */,
			);
			path = "NotesApp WatchKit App";
			sourceTree = "<group>";
		};
		A1EFFE3128CE5CD2009DE35E /* NotesApp WatchKit Extension */ = {
			isa = PBXGroup;
			children = (
				A1EFFE3228CE5CD2009DE35E /* NotesAppApp.swift */,
				A1EFFE3428CE5CD2009DE35E /* ContentView.swift */,
				A1EFFE3628CE5CD2009DE35E /* NotificationController.swift */,
				A1EFFE3828CE5CD2009DE35E /* NotificationView.swift */,
				A1EFFE3A28CE5CD2009DE35E /* ComplicationController.swift */,
				A1EFFE3C28CE5CD6009DE35E /* Assets.xcassets */,
				A1EFFE4128CE5CD6009DE35E /* Info.plist */,
				A1EFFE4228CE5CD6009DE35E /* PushNotificationPayload.apns */,
				A1EFFE3E28CE5CD6009DE35E /* Preview Content */,
			);
			path = "NotesApp WatchKit Extension";
			sourceTree = "<group>";
		};
		A1EFFE3E28CE5CD6009DE35E /* Preview Content */ = {
			isa = PBXGroup;
			children = (
				A1EFFE3F28CE5CD6009DE35E /* Preview Assets.xcassets */,
			);
			path = "Preview Content";
			sourceTree = "<group>";
		};
/* End PBXGroup section */

/* Begin PBXNativeTarget section */
		A1EFFE1D28CE5CC7009DE35E /* NotesApp */ = {
			isa = PBXNativeTarget;
			buildConfigurationList = A1EFFE4D28CE5CD6009DE35E /* Build configuration list for PBXNativeTarget "NotesApp" */;
			buildPhases = (
				A1EFFE1C28CE5CC7009DE35E /* Resources */,
				A1EFFE4C28CE5CD6009DE35E /* Embed Watch Content */,
			);
			buildRules = (
			);
			dependencies = (
				A1EFFE2528CE5CC8009DE35E /* PBXTargetDependency */,
			);
			name = NotesApp;
			productName = NotesApp;
			productReference = A1EFFE1E28CE5CC7009DE35E /* NotesApp.app */;
			productType = "com.apple.product-type.application.watchapp2-container";
		};
		A1EFFE2128CE5CC8009DE35E /* NotesApp WatchKit App */ = {
			isa = PBXNativeTarget;
			buildConfigurationList = A1EFFE4928CE5CD6009DE35E /* Build configuration list for PBXNativeTarget "NotesApp WatchKit App" */;
			buildPhases = (
				A1EFFE2028CE5CC8009DE35E /* Resources */,
				A1EFFE4828CE5CD6009DE35E /* Embed App Extensions */,
			);
			buildRules = (
			);
			dependencies = (
				A1EFFE3028CE5CD2009DE35E /* PBXTargetDependency */,
			);
			name = "NotesApp WatchKit App";
			productName = "NotesApp WatchKit App";
			productReference = A1EFFE2228CE5CC8009DE35E /* NotesApp WatchKit App.app */;
			productType = "com.apple.product-type.application.watchapp2";
		};
		A1EFFE2C28CE5CD2009DE35E /* NotesApp WatchKit Extension */ = {
			isa = PBXNativeTarget;
			buildConfigurationList = A1EFFE4528CE5CD6009DE35E /* Build configuration list for PBXNativeTarget "NotesApp WatchKit Extension" */;
			buildPhases = (
				A1EFFE2928CE5CD2009DE35E /* Sources */,
				A1EFFE2A28CE5CD2009DE35E /* Frameworks */,
				A1EFFE2B28CE5CD2009DE35E /* Resources */,
			);
			buildRules = (
			);
			dependencies = (
			);
			name = "NotesApp WatchKit Extension";
			productName = "NotesApp WatchKit Extension";
			productReference = A1EFFE2D28CE5CD2009DE35E /* NotesApp WatchKit Extension.appex */;
			productType = "com.apple.product-type.watchkit2-extension";
		};
/* End PBXNativeTarget section */

/* Begin PBXProject section */
		A1EFFE1828CE5CC7009DE35E /* Project object */ = {
			isa = PBXProject;
			attributes = {
				BuildIndependentTargetsInParallel = 1;
				LastSwiftUpdateCheck = 1340;
				LastUpgradeCheck = 1340;
				TargetAttributes = {
					A1EFFE1D28CE5CC7009DE35E = {
						CreatedOnToolsVersion = 13.4.1;
					};
					A1EFFE2128CE5CC8009DE35E = {
						CreatedOnToolsVersion = 13.4.1;
					};
					A1EFFE2C28CE5CD2009DE35E = {
						CreatedOnToolsVersion = 13.4.1;
					};
				};
			};
			buildConfigurationList = A1EFFE1B28CE5CC7009DE35E /* Build configuration list for PBXProject "NotesApp" */;
			compatibilityVersion = "Xcode 13.0";
			developmentRegion = en;
			hasScannedForEncodings = 0;
			knownRegions = (
				en,
				Base,
			);
			mainGroup = A1EFFE1728CE5CC7009DE35E;
			productRefGroup = A1EFFE1F28CE5CC7009DE35E /* Products */;
			projectDirPath = "";
			projectRoot = "";
			targets = (
				A1EFFE1D28CE5CC7009DE35E /* NotesApp */,
				A1EFFE2128CE5CC8009DE35E /* NotesApp WatchKit App */,
				A1EFFE2C28CE5CD2009DE35E /* NotesApp WatchKit Extension */,
			);
		};
/* End PBXProject section */

/* Begin PBXResourcesBuildPhase section */
		A1EFFE1C28CE5CC7009DE35E /* Resources */ = {
			isa = PBXResourcesBuildPhase;
			buildActionMask = 2147483647;
			files = (
			);
			runOnlyForDeploymentPostprocessing = 0;
		};
		A1EFFE2028CE5CC8009DE35E /* Resources */ = {
			isa = PBXResourcesBuildPhase;
			buildActionMask = 2147483647;
			files = (
				A1EFFE2828CE5CD2009DE35E /* Assets.xcassets in Resources */,
			);
			runOnlyForDeploymentPostprocessing = 0;
		};
		A1EFFE2B28CE5CD2009DE35E /* Resources */ = {
			isa = PBXResourcesBuildPhase;
			buildActionMask = 2147483647;
			files = (
				A1EFFE4028CE5CD6009DE35E /* Preview Assets.xcassets in Resources */,
				A1EFFE3D28CE5CD6009DE35E /* Assets.xcassets in Resources */,
			);
			runOnlyForDeploymentPostprocessing = 0;
		};
/* End PBXResourcesBuildPhase section */

/* Begin PBXSourcesBuildPhase section */
		A1EFFE2928CE5CD2009DE35E /* Sources */ = {
			isa = PBXSourcesBuildPhase;
			buildActionMask = 2147483647;
			files = (
				A1EFFE3728CE5CD2009DE35E /* NotificationController.swift in Sources */,
				A1EFFE3528CE5CD2009DE35E /* ContentView.swift in Sources */,
				A1EFFE3B28CE5CD2009DE35E /* ComplicationController.swift in Sources */,
				A1EFFE3328CE5CD2009DE35E /* NotesAppApp.swift in Sources */,
				A1EFFE3928CE5CD2009DE35E /* NotificationView.swift in Sources */,
			);
			runOnlyForDeploymentPostprocessing = 0;
		};
/* End PBXSourcesBuildPhase section */

/* Begin PBXTargetDependency section */
		A1EFFE2528CE5CC8009DE35E /* PBXTargetDependency */ = {
			isa = PBXTargetDependency;
			target = A1EFFE2128CE5CC8009DE35E /* NotesApp WatchKit App */;
			targetProxy = A1EFFE2428CE5CC8009DE35E /* PBXContainerItemProxy */;
		};
		A1EFFE3028CE5CD2009DE35E /* PBXTargetDependency */ = {
			isa = PBXTargetDependency;
			target = A1EFFE2C28CE5CD2009DE35E /* NotesApp WatchKit Extension */;
			targetProxy = A1EFFE2F28CE5CD2009DE35E /* PBXContainerItemProxy */;
		};
/* End PBXTargetDependency section */

/* Begin XCBuildConfiguration section */
		A1EFFE4328CE5CD6009DE35E /* Debug */ = {
			isa = XCBuildConfiguration;
			buildSettings = {
				ALWAYS_SEARCH_USER_PATHS = NO;
				CLANG_ANALYZER_NONNULL = YES;
				CLANG_ANALYZER_NUMBER_OBJECT_CONVERSION = YES_AGGRESSIVE;
				CLANG_CXX_LANGUAGE_STANDARD = "gnu++17";
				CLANG_ENABLE_MODULES = YES;
				CLANG_ENABLE_OBJC_ARC = YES;
				CLANG_ENABLE_OBJC_WEAK = YES;
				CLANG_WARN_BLOCK_CAPTURE_AUTORELEASING = YES;
				CLANG_WARN_BOOL_CONVERSION = YES;
				CLANG_WARN_COMMA = YES;
				CLANG_WARN_CONSTANT_CONVERSION = YES;
				CLANG_WARN_DEPRECATED_OBJC_IMPLEMENTATIONS = YES;
				CLANG_WARN_DIRECT_OBJC_ISA_USAGE = YES_ERROR;
				CLANG_WARN_DOCUMENTATION_COMMENTS = YES;
				CLANG_WARN_EMPTY_BODY = YES;
				CLANG_WARN_ENUM_CONVERSION = YES;
				CLANG_WARN_INFINITE_RECURSION = YES;
				CLANG_WARN_INT_CONVERSION = YES;
				CLANG_WARN_NON_LITERAL_NULL_CONVERSION = YES;
				CLANG_WARN_OBJC_IMPLICIT_RETAIN_SELF = YES;
				CLANG_WARN_OBJC_LITERAL_CONVERSION = YES;
				CLANG_WARN_OBJC_ROOT_CLASS = YES_ERROR;
				CLANG_WARN_QUOTED_INCLUDE_IN_FRAMEWORK_HEADER = YES;
				CLANG_WARN_RANGE_LOOP_ANALYSIS = YES;
				CLANG_WARN_STRICT_PROTOTYPES = YES;
				CLANG_WARN_SUSPICIOUS_MOVE = YES;
				CLANG_WARN_UNGUARDED_AVAILABILITY = YES_AGGRESSIVE;
				CLANG_WARN_UNREACHABLE_CODE = YES;
				CLANG_WARN__DUPLICATE_METHOD_MATCH = YES;
				COPY_PHASE_STRIP = NO;
				DEBUG_INFORMATION_FORMAT = dwarf;
				ENABLE_STRICT_OBJC_MSGSEND = YES;
				ENABLE_TESTABILITY = YES;
				GCC_C_LANGUAGE_STANDARD = gnu11;
				GCC_DYNAMIC_NO_PIC = NO;
				GCC_NO_COMMON_BLOCKS = YES;
				GCC_OPTIMIZATION_LEVEL = 0;
				GCC_PREPROCESSOR_DEFINITIONS = (
					"DEBUG=1",
					"$(inherited)",
				);
				GCC_WARN_64_TO_32_BIT_CONVERSION = YES;
				GCC_WARN_ABOUT_RETURN_TYPE = YES_ERROR;
				GCC_WARN_UNDECLARED_SELECTOR = YES;
				GCC_WARN_UNINITIALIZED_AUTOS = YES_AGGRESSIVE;
				GCC_WARN_UNUSED_FUNCTION = YES;
				GCC_WARN_UNUSED_VARIABLE = YES;
				MTL_ENABLE_DEBUG_INFO = INCLUDE_SOURCE;
				MTL_FAST_MATH = YES;
				ONLY_ACTIVE_ARCH = YES;
				SDKROOT = iphoneos;
				SWIFT_ACTIVE_COMPILATION_CONDITIONS = DEBUG;
				SWIFT_OPTIMIZATION_LEVEL = "-Onone";
			};
			name = Debug;
		};
		A1EFFE4428CE5CD6009DE35E /* Release */ = {
			isa = XCBuildConfiguration;
			buildSettings = {
				ALWAYS_SEARCH_USER_PATHS = NO;
				CLANG_ANALYZER_NONNULL = YES;
				CLANG_ANALYZER_NUMBER_OBJECT_CONVERSION = YES_AGGRESSIVE;
				CLANG_CXX_LANGUAGE_STANDARD = "gnu++17";
				CLANG_ENABLE_MODULES = YES;
				CLANG_ENABLE_OBJC_ARC = YES;
				CLANG_ENABLE_OBJC_WEAK = YES;
				CLANG_WARN_BLOCK_CAPTURE_AUTORELEASING = YES;
				CLANG_WARN_BOOL_CONVERSION = YES;
				CLANG_WARN_COMMA = YES;
				CLANG_WARN_CONSTANT_CONVERSION = YES;
				CLANG_WARN_DEPRECATED_OBJC_IMPLEMENTATIONS = YES;
				CLANG_WARN_DIRECT_OBJC_ISA_USAGE = YES_ERROR;
				CLANG_WARN_DOCUMENTATION_COMMENTS = YES;
				CLANG_WARN_EMPTY_BODY = YES;
				CLANG_WARN_ENUM_CONVERSION = YES;
				CLANG_WARN_INFINITE_RECURSION = YES;
				CLANG_WARN_INT_CONVERSION = YES;
				CLANG_WARN_NON_LITERAL_NULL_CONVERSION = YES;
				CLANG_WARN_OBJC_IMPLICIT_RETAIN_SELF = YES;
				CLANG_WARN_OBJC_LITERAL_CONVERSION = YES;
				CLANG_WARN_OBJC_ROOT_CLASS = YES_ERROR;
				CLANG_WARN_QUOTED_INCLUDE_IN_FRAMEWORK_HEADER = YES;
				CLANG_WARN_RANGE_LOOP_ANALYSIS = YES;
				CLANG_WARN_STRICT_PROTOTYPES = YES;
				CLANG_WARN_SUSPICIOUS_MOVE = YES;
				CLANG_WARN_UNGUARDED_AVAILABILITY = YES_AGGRESSIVE;
				CLANG_WARN_UNREACHABLE_CODE = YES;
				CLANG_WARN__DUPLICATE_METHOD_MATCH = YES;
				COPY_PHASE_STRIP = NO;
				DEBUG_INFORMATION_FORMAT = "dwarf-with-dsym";
				ENABLE_NS_ASSERTIONS = NO;
				ENABLE_STRICT_OBJC_MSGSEND = YES;
				GCC_C_LANGUAGE_STANDARD = gnu11;
				GCC_NO_COMMON_BLOCKS = YES;
				GCC_WARN_64_TO_32_BIT_CONVERSION = YES;
				GCC_WARN_ABOUT_RETURN_TYPE = YES_ERROR;
				GCC_WARN_UNDECLARED_SELECTOR = YES;
				GCC_WARN_UNINITIALIZED_AUTOS = YES_AGGRESSIVE;
				GCC_WARN_UNUSED_FUNCTION = YES;
				GCC_WARN_UNUSED_VARIABLE = YES;
				MTL_ENABLE_DEBUG_INFO = NO;
				MTL_FAST_MATH = YES;
				SDKROOT = iphoneos;
				SWIFT_COMPILATION_MODE = wholemodule;
				SWIFT_OPTIMIZATION_LEVEL = "-O";
				VALIDATE_PRODUCT = YES;
			};
			name = Release;
		};
		A1EFFE4628CE5CD6009DE35E /* Debug */ = {
			isa = XCBuildConfiguration;
			buildSettings = {
				ASSETCATALOG_COMPILER_COMPLICATION_NAME = Complication;
				CODE_SIGN_STYLE = Automatic;
				CURRENT_PROJECT_VERSION = 1;
				DEVELOPMENT_ASSET_PATHS = "\"NotesApp WatchKit Extension/Preview Content\"";
				ENABLE_PREVIEWS = YES;
				GENERATE_INFOPLIST_FILE = YES;
				INFOPLIST_FILE = "NotesApp WatchKit Extension/Info.plist";
				INFOPLIST_KEY_CFBundleDisplayName = "NotesApp WatchKit Extension";
				INFOPLIST_KEY_CLKComplicationPrincipalClass = "$(PRODUCT_MODULE_NAME).ComplicationController";
				INFOPLIST_KEY_NSHumanReadableCopyright = "";
				INFOPLIST_KEY_WKWatchOnly = YES;
				LD_RUNPATH_SEARCH_PATHS = (
					"$(inherited)",
					"@executable_path/Frameworks",
					"@executable_path/../../Frameworks",
				);
				MARKETING_VERSION = 1.0;
				PRODUCT_BUNDLE_IDENTIFIER = kevin.NotesApp.watchkitapp.watchkitextension;
				PRODUCT_NAME = "${TARGET_NAME}";
				SDKROOT = watchos;
				SKIP_INSTALL = YES;
				SWIFT_EMIT_LOC_STRINGS = YES;
				SWIFT_VERSION = 5.0;
				TARGETED_DEVICE_FAMILY = 4;
				WATCHOS_DEPLOYMENT_TARGET = 8.5;
			};
			name = Debug;
		};
		A1EFFE4728CE5CD6009DE35E /* Release */ = {
			isa = XCBuildConfiguration;
			buildSettings = {
				ASSETCATALOG_COMPILER_COMPLICATION_NAME = Complication;
				CODE_SIGN_STYLE = Automatic;
				CURRENT_PROJECT_VERSION = 1;
				DEVELOPMENT_ASSET_PATHS = "\"NotesApp WatchKit Extension/Preview Content\"";
				ENABLE_PREVIEWS = YES;
				GENERATE_INFOPLIST_FILE = YES;
				INFOPLIST_FILE = "NotesApp WatchKit Extension/Info.plist";
				INFOPLIST_KEY_CFBundleDisplayName = "NotesApp WatchKit Extension";
				INFOPLIST_KEY_CLKComplicationPrincipalClass = "$(PRODUCT_MODULE_NAME).ComplicationController";
				INFOPLIST_KEY_NSHumanReadableCopyright = "";
				INFOPLIST_KEY_WKWatchOnly = YES;
				LD_RUNPATH_SEARCH_PATHS = (
					"$(inherited)",
					"@executable_path/Frameworks",
					"@executable_path/../../Frameworks",
				);
				MARKETING_VERSION = 1.0;
				PRODUCT_BUNDLE_IDENTIFIER = kevin.NotesApp.watchkitapp.watchkitextension;
				PRODUCT_NAME = "${TARGET_NAME}";
				SDKROOT = watchos;
				SKIP_INSTALL = YES;
				SWIFT_EMIT_LOC_STRINGS = YES;
				SWIFT_VERSION = 5.0;
				TARGETED_DEVICE_FAMILY = 4;
				WATCHOS_DEPLOYMENT_TARGET = 8.5;
			};
			name = Release;
		};
		A1EFFE4A28CE5CD6009DE35E /* Debug */ = {
			isa = XCBuildConfiguration;
			buildSettings = {
				ALWAYS_EMBED_SWIFT_STANDARD_LIBRARIES = YES;
				ASSETCATALOG_COMPILER_APPICON_NAME = AppIcon;
				ASSETCATALOG_COMPILER_GLOBAL_ACCENT_COLOR_NAME = AccentColor;
				CODE_SIGN_STYLE = Automatic;
				CURRENT_PROJECT_VERSION = 1;
				GENERATE_INFOPLIST_FILE = YES;
				IBSC_MODULE = NotesApp_WatchKit_Extension;
				INFOPLIST_KEY_CFBundleDisplayName = "NotesApp WatchKit App";
				INFOPLIST_KEY_UISupportedInterfaceOrientations = "UIInterfaceOrientationPortrait UIInterfaceOrientationPortraitUpsideDown";
				MARKETING_VERSION = 1.0;
				PRODUCT_BUNDLE_IDENTIFIER = kevin.NotesApp.watchkitapp;
				PRODUCT_NAME = "$(TARGET_NAME)";
				SDKROOT = watchos;
				SKIP_INSTALL = YES;
				SWIFT_EMIT_LOC_STRINGS = YES;
				SWIFT_VERSION = 5.0;
				TARGETED_DEVICE_FAMILY = 4;
				WATCHOS_DEPLOYMENT_TARGET = 8.5;
			};
			name = Debug;
		};
		A1EFFE4B28CE5CD6009DE35E /* Release */ = {
			isa = XCBuildConfiguration;
			buildSettings = {
				ALWAYS_EMBED_SWIFT_STANDARD_LIBRARIES = YES;
				ASSETCATALOG_COMPILER_APPICON_NAME = AppIcon;
				ASSETCATALOG_COMPILER_GLOBAL_ACCENT_COLOR_NAME = AccentColor;
				CODE_SIGN_STYLE = Automatic;
				CURRENT_PROJECT_VERSION = 1;
				GENERATE_INFOPLIST_FILE = YES;
				IBSC_MODULE = NotesApp_WatchKit_Extension;
				INFOPLIST_KEY_CFBundleDisplayName = "NotesApp WatchKit App";
				INFOPLIST_KEY_UISupportedInterfaceOrientations = "UIInterfaceOrientationPortrait UIInterfaceOrientationPortraitUpsideDown";
				MARKETING_VERSION = 1.0;
				PRODUCT_BUNDLE_IDENTIFIER = kevin.NotesApp.watchkitapp;
				PRODUCT_NAME = "$(TARGET_NAME)";
				SDKROOT = watchos;
				SKIP_INSTALL = YES;
				SWIFT_EMIT_LOC_STRINGS = YES;
				SWIFT_VERSION = 5.0;
				TARGETED_DEVICE_FAMILY = 4;
				WATCHOS_DEPLOYMENT_TARGET = 8.5;
			};
			name = Release;
		};
		A1EFFE4E28CE5CD6009DE35E /* Debug */ = {
			isa = XCBuildConfiguration;
			buildSettings = {
				CODE_SIGN_STYLE = Automatic;
				CURRENT_PROJECT_VERSION = 1;
				MARKETING_VERSION = 1.0;
				PRODUCT_BUNDLE_IDENTIFIER = kevin.NotesApp;
				PRODUCT_NAME = "$(TARGET_NAME)";
				SWIFT_VERSION = 5.0;
			};
			name = Debug;
		};
		A1EFFE4F28CE5CD6009DE35E /* Release */ = {
			isa = XCBuildConfiguration;
			buildSettings = {
				CODE_SIGN_STYLE = Automatic;
				CURRENT_PROJECT_VERSION = 1;
				MARKETING_VERSION = 1.0;
				PRODUCT_BUNDLE_IDENTIFIER = kevin.NotesApp;
				PRODUCT_NAME = "$(TARGET_NAME)";
				SWIFT_VERSION = 5.0;
			};
			name = Release;
		};
/* End XCBuildConfiguration section */

/* Begin XCConfigurationList section */
		A1EFFE1B28CE5CC7009DE35E /* Build configuration list for PBXProject "NotesApp" */ = {
			isa = XCConfigurationList;
			buildConfigurations = (
				A1EFFE4328CE5CD6009DE35E /* Debug */,
				A1EFFE4428CE5CD6009DE35E /* Release */,
			);
			defaultConfigurationIsVisible = 0;
			defaultConfigurationName = Release;
		};
		A1EFFE4528CE5CD6009DE35E /* Build configuration list for PBXNativeTarget "NotesApp WatchKit Extension" */ = {
			isa = XCConfigurationList;
			buildConfigurations = (
				A1EFFE4628CE5CD6009DE35E /* Debug */,
				A1EFFE4728CE5CD6009DE35E /* Release */,
			);
			defaultConfigurationIsVisible = 0;
			defaultConfigurationName = Release;
		};
		A1EFFE4928CE5CD6009DE35E /* Build configuration list for PBXNativeTarget "NotesApp WatchKit App" */ = {
			isa = XCConfigurationList;
			buildConfigurations = (
				A1EFFE4A28CE5CD6009DE35E /* Debug */,
				A1EFFE4B28CE5CD6009DE35E /* Release */,
			);
			defaultConfigurationIsVisible = 0;
			defaultConfigurationName = Release;
		};
		A1EFFE4D28CE5CD6009DE35E /* Build configuration list for PBXNativeTarget "NotesApp" */ = {
			isa = XCConfigurationList;
			buildConfigurations = (
				A1EFFE4E28CE5CD6009DE35E /* Debug */,
				A1EFFE4F28CE5CD6009DE35E /* Release */,
			);
			defaultConfigurationIsVisible = 0;
			defaultConfigurationName = Release;
		};
/* End XCConfigurationList section */
	};
	rootObject = A1EFFE1828CE5CC7009DE35E /* Project object */;
}
